
Microsoft Visual Studio Solution File, Format Version 12.00
# Visual Studio Version 17
VisualStudioVersion = 17.6.33815.320
MinimumVisualStudioVersion = 10.0.40219.1
Project("{FAE04EC0-301F-11D3-BF4B-00C04F79EFBC}") = "Bulky_Web", "Bulky_Web\Bulky_Web.csproj", "{2E67A466-5B73-414F-9387-557135EE177E}"
EndProject
Global
	GlobalSection(SolutionConfigurationPlatforms) = preSolution
		Debug|Any CPU = Debug|Any CPU
		Release|Any CPU = Release|Any CPU
	EndGlobalSection
	GlobalSection(ProjectConfigurationPlatforms) = postSolution
		{2E67A466-5B73-414F-9387-557135EE177E}.Debug|Any CPU.ActiveCfg = Debug|Any CPU
		{2E67A466-5B73-414F-9387-557135EE177E}.Debug|Any CPU.Build.0 = Debug|Any CPU
		{2E67A466-5B73-414F-9387-557135EE177E}.Release|Any CPU.ActiveCfg = Release|Any CPU
		{2E67A466-5B73-414F-9387-557135EE177E}.Release|Any CPU.Build.0 = Release|Any CPU
	EndGlobalSection
	GlobalSection(SolutionProperties) = preSolution
		HideSolutionNode = FALSE
	EndGlobalSection
	GlobalSection(ExtensibilityGlobals) = postSolution
		SolutionGuid = {96A1C728-5D6B-4E32-A48E-0F34E4D794EC}
	EndGlobalSection
EndGlobal
